// !$*UTF8*$!
{
	archiveVersion = 1;
	classes = {
	};
	objectVersion = 50;
	objects = {

/* Begin PBXBuildFile section */
		106D462AA33F037BEB472284 /* Pods_ocy_ios.framework in Frameworks */ = {isa = PBXBuildFile; fileRef = 0B82F5160F583D26FD0AA39F /* Pods_ocy_ios.framework */; };
		6507DCC62261DEA0007B46A4 /* AppDelegate.swift in Sources */ = {isa = PBXBuildFile; fileRef = 6507DCC52261DEA0007B46A4 /* AppDelegate.swift */; };
		6507DCCB2261DEA0007B46A4 /* Main.storyboard in Resources */ = {isa = PBXBuildFile; fileRef = 6507DCC92261DEA0007B46A4 /* Main.storyboard */; };
		6507DCCE2261DEA0007B46A4 /* ocy_ios.xcdatamodeld in Sources */ = {isa = PBXBuildFile; fileRef = 6507DCCC2261DEA0007B46A4 /* ocy_ios.xcdatamodeld */; };
		6507DCD02261DEA2007B46A4 /* Assets.xcassets in Resources */ = {isa = PBXBuildFile; fileRef = 6507DCCF2261DEA2007B46A4 /* Assets.xcassets */; };
		6507DCD32261DEA2007B46A4 /* LaunchScreen.storyboard in Resources */ = {isa = PBXBuildFile; fileRef = 6507DCD12261DEA2007B46A4 /* LaunchScreen.storyboard */; };
		6507DCDB2261E12F007B46A4 /* RegisterViewController.swift in Sources */ = {isa = PBXBuildFile; fileRef = 6507DCDA2261E12F007B46A4 /* RegisterViewController.swift */; };
		6507DCDD2261E13D007B46A4 /* RegisterInteractor.swift in Sources */ = {isa = PBXBuildFile; fileRef = 6507DCDC2261E13D007B46A4 /* RegisterInteractor.swift */; };
		6507DCDF2261E146007B46A4 /* BaseInteractor.swift in Sources */ = {isa = PBXBuildFile; fileRef = 6507DCDE2261E146007B46A4 /* BaseInteractor.swift */; };
		65D8F9A82261E5A00021BCF9 /* API.swift in Sources */ = {isa = PBXBuildFile; fileRef = 65D8F9A72261E5A00021BCF9 /* API.swift */; };
		65D8F9AA2261E6A00021BCF9 /* Constants.swift in Sources */ = {isa = PBXBuildFile; fileRef = 65D8F9A92261E6A00021BCF9 /* Constants.swift */; };
		65D8F9AE2261F4FB0021BCF9 /* OCYButton.swift in Sources */ = {isa = PBXBuildFile; fileRef = 65D8F9AD2261F4FB0021BCF9 /* OCYButton.swift */; };
		65D8F9B02261F5850021BCF9 /* RegisterViewController.xib in Resources */ = {isa = PBXBuildFile; fileRef = 65D8F9AF2261F5850021BCF9 /* RegisterViewController.xib */; };
		65D8F9B22261F5F60021BCF9 /* Extension+UIViewController.swift in Sources */ = {isa = PBXBuildFile; fileRef = 65D8F9B12261F5F60021BCF9 /* Extension+UIViewController.swift */; };
		65D8F9B4226206DD0021BCF9 /* AuthViewController.swift in Sources */ = {isa = PBXBuildFile; fileRef = 65D8F9B3226206DD0021BCF9 /* AuthViewController.swift */; };
		65D8F9B6226206ED0021BCF9 /* AuthViewController.xib in Resources */ = {isa = PBXBuildFile; fileRef = 65D8F9B5226206ED0021BCF9 /* AuthViewController.xib */; };
		65D8F9B8226207590021BCF9 /* AuthInteractor.swift in Sources */ = {isa = PBXBuildFile; fileRef = 65D8F9B7226207590021BCF9 /* AuthInteractor.swift */; };
		65D8F9BA226217BA0021BCF9 /* DOMParser.swift in Sources */ = {isa = PBXBuildFile; fileRef = 65D8F9B9226217BA0021BCF9 /* DOMParser.swift */; };
		65D8F9C4226226CF0021BCF9 /* UserController.swift in Sources */ = {isa = PBXBuildFile; fileRef = 65D8F9C3226226CF0021BCF9 /* UserController.swift */; };
		65D8F9C7226228BB0021BCF9 /* IntroViewController.swift in Sources */ = {isa = PBXBuildFile; fileRef = 65D8F9C6226228BB0021BCF9 /* IntroViewController.swift */; };
		65D8F9C9226229330021BCF9 /* MainTabBar.swift in Sources */ = {isa = PBXBuildFile; fileRef = 65D8F9C8226229330021BCF9 /* MainTabBar.swift */; };
		65D8F9CB22622AC00021BCF9 /* User.swift in Sources */ = {isa = PBXBuildFile; fileRef = 65D8F9CA22622AC00021BCF9 /* User.swift */; };
		65D8F9CD226236840021BCF9 /* Helpers.swift in Sources */ = {isa = PBXBuildFile; fileRef = 65D8F9CC226236840021BCF9 /* Helpers.swift */; };
		65D8F9CF226237590021BCF9 /* ProfileViewController.swift in Sources */ = {isa = PBXBuildFile; fileRef = 65D8F9CE226237590021BCF9 /* ProfileViewController.swift */; };
		65D8F9D2226237B50021BCF9 /* ProfileInteractor.swift in Sources */ = {isa = PBXBuildFile; fileRef = 65D8F9D1226237B50021BCF9 /* ProfileInteractor.swift */; };
		65D8F9D422623AA10021BCF9 /* OCYTextField.swift in Sources */ = {isa = PBXBuildFile; fileRef = 65D8F9D322623AA10021BCF9 /* OCYTextField.swift */; };
		65D8F9D622625D350021BCF9 /* Category.swift in Sources */ = {isa = PBXBuildFile; fileRef = 65D8F9D522625D340021BCF9 /* Category.swift */; };
		65D8F9D822625DE70021BCF9 /* CreateTroubleViewController.swift in Sources */ = {isa = PBXBuildFile; fileRef = 65D8F9D722625DE70021BCF9 /* CreateTroubleViewController.swift */; };
		65D8F9DA22625DF60021BCF9 /* CreateTroubleInteractor.swift in Sources */ = {isa = PBXBuildFile; fileRef = 65D8F9D922625DF60021BCF9 /* CreateTroubleInteractor.swift */; };
		65D8F9DF2262699F0021BCF9 /* AttachmentTableViewCell.swift in Sources */ = {isa = PBXBuildFile; fileRef = 65D8F9DD2262699F0021BCF9 /* AttachmentTableViewCell.swift */; };
		65D8F9E02262699F0021BCF9 /* AttachmentTableViewCell.xib in Resources */ = {isa = PBXBuildFile; fileRef = 65D8F9DE2262699F0021BCF9 /* AttachmentTableViewCell.xib */; };
		65D8F9E2226274010021BCF9 /* Trouble.swift in Sources */ = {isa = PBXBuildFile; fileRef = 65D8F9E1226274010021BCF9 /* Trouble.swift */; };
		65D8F9E5226275140021BCF9 /* Extension+UIImage.swift in Sources */ = {isa = PBXBuildFile; fileRef = 65D8F9E4226275140021BCF9 /* Extension+UIImage.swift */; };
		65D8F9EB226285740021BCF9 /* MyTroublesViewController.swift in Sources */ = {isa = PBXBuildFile; fileRef = 65D8F9EA226285740021BCF9 /* MyTroublesViewController.swift */; };
		65D8F9ED2262859F0021BCF9 /* MyTroublesInteractor.swift in Sources */ = {isa = PBXBuildFile; fileRef = 65D8F9EC2262859F0021BCF9 /* MyTroublesInteractor.swift */; };
		65D8F9F02262C4880021BCF9 /* MyTroubleTableViewCell.swift in Sources */ = {isa = PBXBuildFile; fileRef = 65D8F9EE2262C4880021BCF9 /* MyTroubleTableViewCell.swift */; };
		65D8F9F12262C4880021BCF9 /* MyTroubleTableViewCell.xib in Resources */ = {isa = PBXBuildFile; fileRef = 65D8F9EF2262C4880021BCF9 /* MyTroubleTableViewCell.xib */; };
/* End PBXBuildFile section */

/* Begin PBXFileReference section */
		0B82F5160F583D26FD0AA39F /* Pods_ocy_ios.framework */ = {isa = PBXFileReference; explicitFileType = wrapper.framework; includeInIndex = 0; path = Pods_ocy_ios.framework; sourceTree = BUILT_PRODUCTS_DIR; };
		2F01FB2451F917A71C64AD17 /* Pods-ocy-ios.release.xcconfig */ = {isa = PBXFileReference; includeInIndex = 1; lastKnownFileType = text.xcconfig; name = "Pods-ocy-ios.release.xcconfig"; path = "Target Support Files/Pods-ocy-ios/Pods-ocy-ios.release.xcconfig"; sourceTree = "<group>"; };
		5D6B311C45AAF5EA366946BE /* Pods-ocy-ios.debug.xcconfig */ = {isa = PBXFileReference; includeInIndex = 1; lastKnownFileType = text.xcconfig; name = "Pods-ocy-ios.debug.xcconfig"; path = "Target Support Files/Pods-ocy-ios/Pods-ocy-ios.debug.xcconfig"; sourceTree = "<group>"; };
		6507DCC22261DEA0007B46A4 /* ocy-ios.app */ = {isa = PBXFileReference; explicitFileType = wrapper.application; includeInIndex = 0; path = "ocy-ios.app"; sourceTree = BUILT_PRODUCTS_DIR; };
		6507DCC52261DEA0007B46A4 /* AppDelegate.swift */ = {isa = PBXFileReference; lastKnownFileType = sourcecode.swift; path = AppDelegate.swift; sourceTree = "<group>"; };
		6507DCCA2261DEA0007B46A4 /* Base */ = {isa = PBXFileReference; lastKnownFileType = file.storyboard; name = Base; path = Base.lproj/Main.storyboard; sourceTree = "<group>"; };
		6507DCCD2261DEA0007B46A4 /* ocy_ios.xcdatamodel */ = {isa = PBXFileReference; lastKnownFileType = wrapper.xcdatamodel; path = ocy_ios.xcdatamodel; sourceTree = "<group>"; };
		6507DCCF2261DEA2007B46A4 /* Assets.xcassets */ = {isa = PBXFileReference; lastKnownFileType = folder.assetcatalog; path = Assets.xcassets; sourceTree = "<group>"; };
		6507DCD22261DEA2007B46A4 /* Base */ = {isa = PBXFileReference; lastKnownFileType = file.storyboard; name = Base; path = Base.lproj/LaunchScreen.storyboard; sourceTree = "<group>"; };
		6507DCD42261DEA2007B46A4 /* Info.plist */ = {isa = PBXFileReference; lastKnownFileType = text.plist.xml; path = Info.plist; sourceTree = "<group>"; };
		6507DCDA2261E12F007B46A4 /* RegisterViewController.swift */ = {isa = PBXFileReference; lastKnownFileType = sourcecode.swift; path = RegisterViewController.swift; sourceTree = "<group>"; };
		6507DCDC2261E13D007B46A4 /* RegisterInteractor.swift */ = {isa = PBXFileReference; lastKnownFileType = sourcecode.swift; path = RegisterInteractor.swift; sourceTree = "<group>"; };
		6507DCDE2261E146007B46A4 /* BaseInteractor.swift */ = {isa = PBXFileReference; lastKnownFileType = sourcecode.swift; path = BaseInteractor.swift; sourceTree = "<group>"; };
		65D8F9A72261E5A00021BCF9 /* API.swift */ = {isa = PBXFileReference; lastKnownFileType = sourcecode.swift; path = API.swift; sourceTree = "<group>"; };
		65D8F9A92261E6A00021BCF9 /* Constants.swift */ = {isa = PBXFileReference; lastKnownFileType = sourcecode.swift; path = Constants.swift; sourceTree = "<group>"; };
		65D8F9AD2261F4FB0021BCF9 /* OCYButton.swift */ = {isa = PBXFileReference; lastKnownFileType = sourcecode.swift; path = OCYButton.swift; sourceTree = "<group>"; };
		65D8F9AF2261F5850021BCF9 /* RegisterViewController.xib */ = {isa = PBXFileReference; lastKnownFileType = file.xib; path = RegisterViewController.xib; sourceTree = "<group>"; };
		65D8F9B12261F5F60021BCF9 /* Extension+UIViewController.swift */ = {isa = PBXFileReference; lastKnownFileType = sourcecode.swift; path = "Extension+UIViewController.swift"; sourceTree = "<group>"; };
		65D8F9B3226206DD0021BCF9 /* AuthViewController.swift */ = {isa = PBXFileReference; lastKnownFileType = sourcecode.swift; path = AuthViewController.swift; sourceTree = "<group>"; };
		65D8F9B5226206ED0021BCF9 /* AuthViewController.xib */ = {isa = PBXFileReference; lastKnownFileType = file.xib; path = AuthViewController.xib; sourceTree = "<group>"; };
		65D8F9B7226207590021BCF9 /* AuthInteractor.swift */ = {isa = PBXFileReference; lastKnownFileType = sourcecode.swift; path = AuthInteractor.swift; sourceTree = "<group>"; };
		65D8F9B9226217BA0021BCF9 /* DOMParser.swift */ = {isa = PBXFileReference; lastKnownFileType = sourcecode.swift; path = DOMParser.swift; sourceTree = "<group>"; };
		65D8F9C3226226CF0021BCF9 /* UserController.swift */ = {isa = PBXFileReference; lastKnownFileType = sourcecode.swift; path = UserController.swift; sourceTree = "<group>"; };
		65D8F9C6226228BB0021BCF9 /* IntroViewController.swift */ = {isa = PBXFileReference; lastKnownFileType = sourcecode.swift; path = IntroViewController.swift; sourceTree = "<group>"; };
		65D8F9C8226229330021BCF9 /* MainTabBar.swift */ = {isa = PBXFileReference; lastKnownFileType = sourcecode.swift; path = MainTabBar.swift; sourceTree = "<group>"; };
		65D8F9CA22622AC00021BCF9 /* User.swift */ = {isa = PBXFileReference; lastKnownFileType = sourcecode.swift; path = User.swift; sourceTree = "<group>"; };
		65D8F9CC226236840021BCF9 /* Helpers.swift */ = {isa = PBXFileReference; lastKnownFileType = sourcecode.swift; path = Helpers.swift; sourceTree = "<group>"; };
		65D8F9CE226237590021BCF9 /* ProfileViewController.swift */ = {isa = PBXFileReference; lastKnownFileType = sourcecode.swift; path = ProfileViewController.swift; sourceTree = "<group>"; };
		65D8F9D1226237B50021BCF9 /* ProfileInteractor.swift */ = {isa = PBXFileReference; lastKnownFileType = sourcecode.swift; path = ProfileInteractor.swift; sourceTree = "<group>"; };
		65D8F9D322623AA10021BCF9 /* OCYTextField.swift */ = {isa = PBXFileReference; lastKnownFileType = sourcecode.swift; path = OCYTextField.swift; sourceTree = "<group>"; };
		65D8F9D522625D340021BCF9 /* Category.swift */ = {isa = PBXFileReference; lastKnownFileType = sourcecode.swift; path = Category.swift; sourceTree = "<group>"; };
		65D8F9D722625DE70021BCF9 /* CreateTroubleViewController.swift */ = {isa = PBXFileReference; lastKnownFileType = sourcecode.swift; path = CreateTroubleViewController.swift; sourceTree = "<group>"; };
		65D8F9D922625DF60021BCF9 /* CreateTroubleInteractor.swift */ = {isa = PBXFileReference; lastKnownFileType = sourcecode.swift; path = CreateTroubleInteractor.swift; sourceTree = "<group>"; };
		65D8F9DD2262699F0021BCF9 /* AttachmentTableViewCell.swift */ = {isa = PBXFileReference; lastKnownFileType = sourcecode.swift; path = AttachmentTableViewCell.swift; sourceTree = "<group>"; };
		65D8F9DE2262699F0021BCF9 /* AttachmentTableViewCell.xib */ = {isa = PBXFileReference; lastKnownFileType = file.xib; path = AttachmentTableViewCell.xib; sourceTree = "<group>"; };
		65D8F9E1226274010021BCF9 /* Trouble.swift */ = {isa = PBXFileReference; lastKnownFileType = sourcecode.swift; path = Trouble.swift; sourceTree = "<group>"; };
		65D8F9E4226275140021BCF9 /* Extension+UIImage.swift */ = {isa = PBXFileReference; lastKnownFileType = sourcecode.swift; path = "Extension+UIImage.swift"; sourceTree = "<group>"; };
		65D8F9EA226285740021BCF9 /* MyTroublesViewController.swift */ = {isa = PBXFileReference; lastKnownFileType = sourcecode.swift; path = MyTroublesViewController.swift; sourceTree = "<group>"; };
		65D8F9EC2262859F0021BCF9 /* MyTroublesInteractor.swift */ = {isa = PBXFileReference; lastKnownFileType = sourcecode.swift; path = MyTroublesInteractor.swift; sourceTree = "<group>"; };
		65D8F9EE2262C4880021BCF9 /* MyTroubleTableViewCell.swift */ = {isa = PBXFileReference; lastKnownFileType = sourcecode.swift; path = MyTroubleTableViewCell.swift; sourceTree = "<group>"; };
		65D8F9EF2262C4880021BCF9 /* MyTroubleTableViewCell.xib */ = {isa = PBXFileReference; lastKnownFileType = file.xib; path = MyTroubleTableViewCell.xib; sourceTree = "<group>"; };
/* End PBXFileReference section */

/* Begin PBXFrameworksBuildPhase section */
		6507DCBF2261DEA0007B46A4 /* Frameworks */ = {
			isa = PBXFrameworksBuildPhase;
			buildActionMask = 2147483647;
			files = (
				106D462AA33F037BEB472284 /* Pods_ocy_ios.framework in Frameworks */,
			);
			runOnlyForDeploymentPostprocessing = 0;
		};
/* End PBXFrameworksBuildPhase section */

/* Begin PBXGroup section */
		6507DCB92261DEA0007B46A4 = {
			isa = PBXGroup;
			children = (
				6507DCC42261DEA0007B46A4 /* ocy-ios */,
				6507DCC32261DEA0007B46A4 /* Products */,
				FE75100656A4A64FA7704504 /* Pods */,
				E0A7431D31B53983D6EED426 /* Frameworks */,
			);
			sourceTree = "<group>";
		};
		6507DCC32261DEA0007B46A4 /* Products */ = {
			isa = PBXGroup;
			children = (
				6507DCC22261DEA0007B46A4 /* ocy-ios.app */,
			);
			name = Products;
			sourceTree = "<group>";
		};
		6507DCC42261DEA0007B46A4 /* ocy-ios */ = {
			isa = PBXGroup;
			children = (
				65D8F9E82262758B0021BCF9 /* Cells */,
				65D8F9E7226275650021BCF9 /* View Controllers */,
				65D8F9E6226275540021BCF9 /* Models */,
				65D8F9E3226274FD0021BCF9 /* Extensions */,
				65D8F9C2226226B10021BCF9 /* Helpers */,
				65D8F9C1226226A30021BCF9 /* Views */,
				65D8F9C02262268F0021BCF9 /* Controllers */,
				65D8F9BF2262267B0021BCF9 /* Base */,
				6507DCC52261DEA0007B46A4 /* AppDelegate.swift */,
				6507DCC92261DEA0007B46A4 /* Main.storyboard */,
				6507DCCF2261DEA2007B46A4 /* Assets.xcassets */,
				6507DCD12261DEA2007B46A4 /* LaunchScreen.storyboard */,
				6507DCD42261DEA2007B46A4 /* Info.plist */,
				6507DCCC2261DEA0007B46A4 /* ocy_ios.xcdatamodeld */,
			);
			path = "ocy-ios";
			sourceTree = "<group>";
		};
		65D8F9BD2262264C0021BCF9 /* Register */ = {
			isa = PBXGroup;
			children = (
				6507DCDA2261E12F007B46A4 /* RegisterViewController.swift */,
				6507DCDC2261E13D007B46A4 /* RegisterInteractor.swift */,
				65D8F9AF2261F5850021BCF9 /* RegisterViewController.xib */,
			);
			path = Register;
			sourceTree = "<group>";
		};
		65D8F9BE226226680021BCF9 /* Auth */ = {
			isa = PBXGroup;
			children = (
				65D8F9B3226206DD0021BCF9 /* AuthViewController.swift */,
				65D8F9B5226206ED0021BCF9 /* AuthViewController.xib */,
				65D8F9B7226207590021BCF9 /* AuthInteractor.swift */,
			);
			path = Auth;
			sourceTree = "<group>";
		};
		65D8F9BF2262267B0021BCF9 /* Base */ = {
			isa = PBXGroup;
			children = (
				6507DCDE2261E146007B46A4 /* BaseInteractor.swift */,
			);
			path = Base;
			sourceTree = "<group>";
		};
		65D8F9C02262268F0021BCF9 /* Controllers */ = {
			isa = PBXGroup;
			children = (
				65D8F9A72261E5A00021BCF9 /* API.swift */,
				65D8F9C3226226CF0021BCF9 /* UserController.swift */,
			);
			path = Controllers;
			sourceTree = "<group>";
		};
		65D8F9C1226226A30021BCF9 /* Views */ = {
			isa = PBXGroup;
			children = (
				65D8F9AD2261F4FB0021BCF9 /* OCYButton.swift */,
				65D8F9D322623AA10021BCF9 /* OCYTextField.swift */,
			);
			path = Views;
			sourceTree = "<group>";
		};
		65D8F9C2226226B10021BCF9 /* Helpers */ = {
			isa = PBXGroup;
			children = (
				65D8F9A92261E6A00021BCF9 /* Constants.swift */,
				65D8F9B9226217BA0021BCF9 /* DOMParser.swift */,
				65D8F9CC226236840021BCF9 /* Helpers.swift */,
			);
			path = Helpers;
			sourceTree = "<group>";
		};
		65D8F9C5226228AE0021BCF9 /* Intro */ = {
			isa = PBXGroup;
			children = (
				65D8F9C6226228BB0021BCF9 /* IntroViewController.swift */,
			);
			path = Intro;
			sourceTree = "<group>";
		};
		65D8F9D0226237700021BCF9 /* Profile */ = {
			isa = PBXGroup;
			children = (
				65D8F9CE226237590021BCF9 /* ProfileViewController.swift */,
				65D8F9D1226237B50021BCF9 /* ProfileInteractor.swift */,
			);
			path = Profile;
			sourceTree = "<group>";
		};
		65D8F9DB22625DFD0021BCF9 /* Create trouble */ = {
			isa = PBXGroup;
			children = (
				65D8F9D722625DE70021BCF9 /* CreateTroubleViewController.swift */,
				65D8F9D922625DF60021BCF9 /* CreateTroubleInteractor.swift */,
			);
			path = "Create trouble";
			sourceTree = "<group>";
		};
		65D8F9E3226274FD0021BCF9 /* Extensions */ = {
			isa = PBXGroup;
			children = (
				65D8F9B12261F5F60021BCF9 /* Extension+UIViewController.swift */,
				65D8F9E4226275140021BCF9 /* Extension+UIImage.swift */,
			);
			path = Extensions;
			sourceTree = "<group>";
		};
		65D8F9E6226275540021BCF9 /* Models */ = {
			isa = PBXGroup;
			children = (
				65D8F9CA22622AC00021BCF9 /* User.swift */,
				65D8F9D522625D340021BCF9 /* Category.swift */,
				65D8F9E1226274010021BCF9 /* Trouble.swift */,
			);
			path = Models;
			sourceTree = "<group>";
		};
		65D8F9E7226275650021BCF9 /* View Controllers */ = {
			isa = PBXGroup;
			children = (
				65D8F9F22262CB380021BCF9 /* My Troubles */,
				65D8F9E92262759F0021BCF9 /* Main Tab Bar */,
				65D8F9DB22625DFD0021BCF9 /* Create trouble */,
				65D8F9D0226237700021BCF9 /* Profile */,
				65D8F9C5226228AE0021BCF9 /* Intro */,
				65D8F9BE226226680021BCF9 /* Auth */,
				65D8F9BD2262264C0021BCF9 /* Register */,
			);
			path = "View Controllers";
			sourceTree = "<group>";
		};
		65D8F9E82262758B0021BCF9 /* Cells */ = {
			isa = PBXGroup;
			children = (
				65D8F9DD2262699F0021BCF9 /* AttachmentTableViewCell.swift */,
				65D8F9DE2262699F0021BCF9 /* AttachmentTableViewCell.xib */,
				65D8F9EE2262C4880021BCF9 /* MyTroubleTableViewCell.swift */,
				65D8F9EF2262C4880021BCF9 /* MyTroubleTableViewCell.xib */,
			);
			path = Cells;
			sourceTree = "<group>";
		};
		65D8F9E92262759F0021BCF9 /* Main Tab Bar */ = {
			isa = PBXGroup;
			children = (
				65D8F9C8226229330021BCF9 /* MainTabBar.swift */,
			);
			path = "Main Tab Bar";
			sourceTree = "<group>";
		};
		65D8F9F22262CB380021BCF9 /* My Troubles */ = {
			isa = PBXGroup;
			children = (
				65D8F9EA226285740021BCF9 /* MyTroublesViewController.swift */,
				65D8F9EC2262859F0021BCF9 /* MyTroublesInteractor.swift */,
			);
			path = "My Troubles";
			sourceTree = "<group>";
		};
		E0A7431D31B53983D6EED426 /* Frameworks */ = {
			isa = PBXGroup;
			children = (
				0B82F5160F583D26FD0AA39F /* Pods_ocy_ios.framework */,
			);
			name = Frameworks;
			sourceTree = "<group>";
		};
		FE75100656A4A64FA7704504 /* Pods */ = {
			isa = PBXGroup;
			children = (
				5D6B311C45AAF5EA366946BE /* Pods-ocy-ios.debug.xcconfig */,
				2F01FB2451F917A71C64AD17 /* Pods-ocy-ios.release.xcconfig */,
			);
			path = Pods;
			sourceTree = "<group>";
		};
/* End PBXGroup section */

/* Begin PBXNativeTarget section */
		6507DCC12261DEA0007B46A4 /* ocy-ios */ = {
			isa = PBXNativeTarget;
			buildConfigurationList = 6507DCD72261DEA2007B46A4 /* Build configuration list for PBXNativeTarget "ocy-ios" */;
			buildPhases = (
				D39A8EBD69991AE35B01A062 /* [CP] Check Pods Manifest.lock */,
				6507DCBE2261DEA0007B46A4 /* Sources */,
				6507DCBF2261DEA0007B46A4 /* Frameworks */,
				6507DCC02261DEA0007B46A4 /* Resources */,
				A2C49B8CE386A5076711BD6D /* [CP] Embed Pods Frameworks */,
			);
			buildRules = (
			);
			dependencies = (
			);
			name = "ocy-ios";
			productName = "ocy-ios";
			productReference = 6507DCC22261DEA0007B46A4 /* ocy-ios.app */;
			productType = "com.apple.product-type.application";
		};
/* End PBXNativeTarget section */

/* Begin PBXProject section */
		6507DCBA2261DEA0007B46A4 /* Project object */ = {
			isa = PBXProject;
			attributes = {
				LastSwiftUpdateCheck = 1010;
				LastUpgradeCheck = 1010;
				ORGANIZATIONNAME = devyat;
				TargetAttributes = {
					6507DCC12261DEA0007B46A4 = {
						CreatedOnToolsVersion = 10.1;
					};
				};
			};
			buildConfigurationList = 6507DCBD2261DEA0007B46A4 /* Build configuration list for PBXProject "ocy-ios" */;
			compatibilityVersion = "Xcode 9.3";
			developmentRegion = en;
			hasScannedForEncodings = 0;
			knownRegions = (
				en,
				Base,
			);
			mainGroup = 6507DCB92261DEA0007B46A4;
			productRefGroup = 6507DCC32261DEA0007B46A4 /* Products */;
			projectDirPath = "";
			projectRoot = "";
			targets = (
				6507DCC12261DEA0007B46A4 /* ocy-ios */,
			);
		};
/* End PBXProject section */

/* Begin PBXResourcesBuildPhase section */
		6507DCC02261DEA0007B46A4 /* Resources */ = {
			isa = PBXResourcesBuildPhase;
			buildActionMask = 2147483647;
			files = (
				6507DCD32261DEA2007B46A4 /* LaunchScreen.storyboard in Resources */,
				6507DCD02261DEA2007B46A4 /* Assets.xcassets in Resources */,
				65D8F9E02262699F0021BCF9 /* AttachmentTableViewCell.xib in Resources */,
				65D8F9B6226206ED0021BCF9 /* AuthViewController.xib in Resources */,
				65D8F9F12262C4880021BCF9 /* MyTroubleTableViewCell.xib in Resources */,
				6507DCCB2261DEA0007B46A4 /* Main.storyboard in Resources */,
				65D8F9B02261F5850021BCF9 /* RegisterViewController.xib in Resources */,
			);
			runOnlyForDeploymentPostprocessing = 0;
		};
/* End PBXResourcesBuildPhase section */

/* Begin PBXShellScriptBuildPhase section */
		A2C49B8CE386A5076711BD6D /* [CP] Embed Pods Frameworks */ = {
			isa = PBXShellScriptBuildPhase;
			buildActionMask = 2147483647;
			files = (
			);
			inputFileListPaths = (
			);
			inputPaths = (
				"${PODS_ROOT}/Target Support Files/Pods-ocy-ios/Pods-ocy-ios-frameworks.sh",
				"${BUILT_PRODUCTS_DIR}/AutoKeyboard/AutoKeyboard.framework",
				"${BUILT_PRODUCTS_DIR}/Indigear/Indigear.framework",
				"${BUILT_PRODUCTS_DIR}/SkeletonView/SkeletonView.framework",
				"${BUILT_PRODUCTS_DIR}/SwiftSoup/SwiftSoup.framework",
				"${BUILT_PRODUCTS_DIR}/SwiftyJSON/SwiftyJSON.framework",
			);
			name = "[CP] Embed Pods Frameworks";
			outputFileListPaths = (
			);
			outputPaths = (
				"${TARGET_BUILD_DIR}/${FRAMEWORKS_FOLDER_PATH}/AutoKeyboard.framework",
				"${TARGET_BUILD_DIR}/${FRAMEWORKS_FOLDER_PATH}/Indigear.framework",
				"${TARGET_BUILD_DIR}/${FRAMEWORKS_FOLDER_PATH}/SkeletonView.framework",
				"${TARGET_BUILD_DIR}/${FRAMEWORKS_FOLDER_PATH}/SwiftSoup.framework",
				"${TARGET_BUILD_DIR}/${FRAMEWORKS_FOLDER_PATH}/SwiftyJSON.framework",
			);
			runOnlyForDeploymentPostprocessing = 0;
			shellPath = /bin/sh;
			shellScript = "\"${PODS_ROOT}/Target Support Files/Pods-ocy-ios/Pods-ocy-ios-frameworks.sh\"\n";
			showEnvVarsInLog = 0;
		};
		D39A8EBD69991AE35B01A062 /* [CP] Check Pods Manifest.lock */ = {
			isa = PBXShellScriptBuildPhase;
			buildActionMask = 2147483647;
			files = (
			);
			inputFileListPaths = (
			);
			inputPaths = (
				"${PODS_PODFILE_DIR_PATH}/Podfile.lock",
				"${PODS_ROOT}/Manifest.lock",
			);
			name = "[CP] Check Pods Manifest.lock";
			outputFileListPaths = (
			);
			outputPaths = (
				"$(DERIVED_FILE_DIR)/Pods-ocy-ios-checkManifestLockResult.txt",
			);
			runOnlyForDeploymentPostprocessing = 0;
			shellPath = /bin/sh;
			shellScript = "diff \"${PODS_PODFILE_DIR_PATH}/Podfile.lock\" \"${PODS_ROOT}/Manifest.lock\" > /dev/null\nif [ $? != 0 ] ; then\n    # print error to STDERR\n    echo \"error: The sandbox is not in sync with the Podfile.lock. Run 'pod install' or update your CocoaPods installation.\" >&2\n    exit 1\nfi\n# This output is used by Xcode 'outputs' to avoid re-running this script phase.\necho \"SUCCESS\" > \"${SCRIPT_OUTPUT_FILE_0}\"\n";
			showEnvVarsInLog = 0;
		};
/* End PBXShellScriptBuildPhase section */

/* Begin PBXSourcesBuildPhase section */
		6507DCBE2261DEA0007B46A4 /* Sources */ = {
			isa = PBXSourcesBuildPhase;
			buildActionMask = 2147483647;
			files = (
				65D8F9D822625DE70021BCF9 /* CreateTroubleViewController.swift in Sources */,
				65D8F9E2226274010021BCF9 /* Trouble.swift in Sources */,
				65D8F9C7226228BB0021BCF9 /* IntroViewController.swift in Sources */,
				65D8F9D422623AA10021BCF9 /* OCYTextField.swift in Sources */,
				6507DCCE2261DEA0007B46A4 /* ocy_ios.xcdatamodeld in Sources */,
				65D8F9DF2262699F0021BCF9 /* AttachmentTableViewCell.swift in Sources */,
				65D8F9DA22625DF60021BCF9 /* CreateTroubleInteractor.swift in Sources */,
				6507DCDD2261E13D007B46A4 /* RegisterInteractor.swift in Sources */,
				6507DCC62261DEA0007B46A4 /* AppDelegate.swift in Sources */,
				65D8F9CB22622AC00021BCF9 /* User.swift in Sources */,
				65D8F9C4226226CF0021BCF9 /* UserController.swift in Sources */,
				65D8F9CF226237590021BCF9 /* ProfileViewController.swift in Sources */,
				65D8F9B4226206DD0021BCF9 /* AuthViewController.swift in Sources */,
				65D8F9E5226275140021BCF9 /* Extension+UIImage.swift in Sources */,
				65D8F9B8226207590021BCF9 /* AuthInteractor.swift in Sources */,
				65D8F9D2226237B50021BCF9 /* ProfileInteractor.swift in Sources */,
				6507DCDB2261E12F007B46A4 /* RegisterViewController.swift in Sources */,
				6507DCDF2261E146007B46A4 /* BaseInteractor.swift in Sources */,
				65D8F9F02262C4880021BCF9 /* MyTroubleTableViewCell.swift in Sources */,
				65D8F9CD226236840021BCF9 /* Helpers.swift in Sources */,
				65D8F9A82261E5A00021BCF9 /* API.swift in Sources */,
				65D8F9AE2261F4FB0021BCF9 /* OCYButton.swift in Sources */,
				65D8F9C9226229330021BCF9 /* MainTabBar.swift in Sources */,
				65D8F9B22261F5F60021BCF9 /* Extension+UIViewController.swift in Sources */,
				65D8F9EB226285740021BCF9 /* MyTroublesViewController.swift in Sources */,
				65D8F9AA2261E6A00021BCF9 /* Constants.swift in Sources */,
				65D8F9BA226217BA0021BCF9 /* DOMParser.swift in Sources */,
				65D8F9ED2262859F0021BCF9 /* MyTroublesInteractor.swift in Sources */,
				65D8F9D622625D350021BCF9 /* Category.swift in Sources */,
			);
			runOnlyForDeploymentPostprocessing = 0;
		};
/* End PBXSourcesBuildPhase section */

/* Begin PBXVariantGroup section */
		6507DCC92261DEA0007B46A4 /* Main.storyboard */ = {
			isa = PBXVariantGroup;
			children = (
				6507DCCA2261DEA0007B46A4 /* Base */,
			);
			name = Main.storyboard;
			sourceTree = "<group>";
		};
		6507DCD12261DEA2007B46A4 /* LaunchScreen.storyboard */ = {
			isa = PBXVariantGroup;
			children = (
				6507DCD22261DEA2007B46A4 /* Base */,
			);
			name = LaunchScreen.storyboard;
			sourceTree = "<group>";
		};
/* End PBXVariantGroup section */

/* Begin XCBuildConfiguration section */
		6507DCD52261DEA2007B46A4 /* Debug */ = {
			isa = XCBuildConfiguration;
			buildSettings = {
				ALWAYS_SEARCH_USER_PATHS = NO;
				CLANG_ANALYZER_NONNULL = YES;
				CLANG_ANALYZER_NUMBER_OBJECT_CONVERSION = YES_AGGRESSIVE;
				CLANG_CXX_LANGUAGE_STANDARD = "gnu++14";
				CLANG_CXX_LIBRARY = "libc++";
				CLANG_ENABLE_MODULES = YES;
				CLANG_ENABLE_OBJC_ARC = YES;
				CLANG_ENABLE_OBJC_WEAK = YES;
				CLANG_WARN_BLOCK_CAPTURE_AUTORELEASING = YES;
				CLANG_WARN_BOOL_CONVERSION = YES;
				CLANG_WARN_COMMA = YES;
				CLANG_WARN_CONSTANT_CONVERSION = YES;
				CLANG_WARN_DEPRECATED_OBJC_IMPLEMENTATIONS = YES;
				CLANG_WARN_DIRECT_OBJC_ISA_USAGE = YES_ERROR;
				CLANG_WARN_DOCUMENTATION_COMMENTS = YES;
				CLANG_WARN_EMPTY_BODY = YES;
				CLANG_WARN_ENUM_CONVERSION = YES;
				CLANG_WARN_INFINITE_RECURSION = YES;
				CLANG_WARN_INT_CONVERSION = YES;
				CLANG_WARN_NON_LITERAL_NULL_CONVERSION = YES;
				CLANG_WARN_OBJC_IMPLICIT_RETAIN_SELF = YES;
				CLANG_WARN_OBJC_LITERAL_CONVERSION = YES;
				CLANG_WARN_OBJC_ROOT_CLASS = YES_ERROR;
				CLANG_WARN_RANGE_LOOP_ANALYSIS = YES;
				CLANG_WARN_STRICT_PROTOTYPES = YES;
				CLANG_WARN_SUSPICIOUS_MOVE = YES;
				CLANG_WARN_UNGUARDED_AVAILABILITY = YES_AGGRESSIVE;
				CLANG_WARN_UNREACHABLE_CODE = YES;
				CLANG_WARN__DUPLICATE_METHOD_MATCH = YES;
				CODE_SIGN_IDENTITY = "iPhone Developer";
				COPY_PHASE_STRIP = NO;
				DEBUG_INFORMATION_FORMAT = dwarf;
				ENABLE_STRICT_OBJC_MSGSEND = YES;
				ENABLE_TESTABILITY = YES;
				GCC_C_LANGUAGE_STANDARD = gnu11;
				GCC_DYNAMIC_NO_PIC = NO;
				GCC_NO_COMMON_BLOCKS = YES;
				GCC_OPTIMIZATION_LEVEL = 0;
				GCC_PREPROCESSOR_DEFINITIONS = (
					"DEBUG=1",
					"$(inherited)",
				);
				GCC_WARN_64_TO_32_BIT_CONVERSION = YES;
				GCC_WARN_ABOUT_RETURN_TYPE = YES_ERROR;
				GCC_WARN_UNDECLARED_SELECTOR = YES;
				GCC_WARN_UNINITIALIZED_AUTOS = YES_AGGRESSIVE;
				GCC_WARN_UNUSED_FUNCTION = YES;
				GCC_WARN_UNUSED_VARIABLE = YES;
				IPHONEOS_DEPLOYMENT_TARGET = 12.1;
				MTL_ENABLE_DEBUG_INFO = INCLUDE_SOURCE;
				MTL_FAST_MATH = YES;
				ONLY_ACTIVE_ARCH = YES;
				SDKROOT = iphoneos;
				SWIFT_ACTIVE_COMPILATION_CONDITIONS = DEBUG;
				SWIFT_OPTIMIZATION_LEVEL = "-Onone";
			};
			name = Debug;
		};
		6507DCD62261DEA2007B46A4 /* Release */ = {
			isa = XCBuildConfiguration;
			buildSettings = {
				ALWAYS_SEARCH_USER_PATHS = NO;
				CLANG_ANALYZER_NONNULL = YES;
				CLANG_ANALYZER_NUMBER_OBJECT_CONVERSION = YES_AGGRESSIVE;
				CLANG_CXX_LANGUAGE_STANDARD = "gnu++14";
				CLANG_CXX_LIBRARY = "libc++";
				CLANG_ENABLE_MODULES = YES;
				CLANG_ENABLE_OBJC_ARC = YES;
				CLANG_ENABLE_OBJC_WEAK = YES;
				CLANG_WARN_BLOCK_CAPTURE_AUTORELEASING = YES;
				CLANG_WARN_BOOL_CONVERSION = YES;
				CLANG_WARN_COMMA = YES;
				CLANG_WARN_CONSTANT_CONVERSION = YES;
				CLANG_WARN_DEPRECATED_OBJC_IMPLEMENTATIONS = YES;
				CLANG_WARN_DIRECT_OBJC_ISA_USAGE = YES_ERROR;
				CLANG_WARN_DOCUMENTATION_COMMENTS = YES;
				CLANG_WARN_EMPTY_BODY = YES;
				CLANG_WARN_ENUM_CONVERSION = YES;
				CLANG_WARN_INFINITE_RECURSION = YES;
				CLANG_WARN_INT_CONVERSION = YES;
				CLANG_WARN_NON_LITERAL_NULL_CONVERSION = YES;
				CLANG_WARN_OBJC_IMPLICIT_RETAIN_SELF = YES;
				CLANG_WARN_OBJC_LITERAL_CONVERSION = YES;
				CLANG_WARN_OBJC_ROOT_CLASS = YES_ERROR;
				CLANG_WARN_RANGE_LOOP_ANALYSIS = YES;
				CLANG_WARN_STRICT_PROTOTYPES = YES;
				CLANG_WARN_SUSPICIOUS_MOVE = YES;
				CLANG_WARN_UNGUARDED_AVAILABILITY = YES_AGGRESSIVE;
				CLANG_WARN_UNREACHABLE_CODE = YES;
				CLANG_WARN__DUPLICATE_METHOD_MATCH = YES;
				CODE_SIGN_IDENTITY = "iPhone Developer";
				COPY_PHASE_STRIP = NO;
				DEBUG_INFORMATION_FORMAT = "dwarf-with-dsym";
				ENABLE_NS_ASSERTIONS = NO;
				ENABLE_STRICT_OBJC_MSGSEND = YES;
				GCC_C_LANGUAGE_STANDARD = gnu11;
				GCC_NO_COMMON_BLOCKS = YES;
				GCC_WARN_64_TO_32_BIT_CONVERSION = YES;
				GCC_WARN_ABOUT_RETURN_TYPE = YES_ERROR;
				GCC_WARN_UNDECLARED_SELECTOR = YES;
				GCC_WARN_UNINITIALIZED_AUTOS = YES_AGGRESSIVE;
				GCC_WARN_UNUSED_FUNCTION = YES;
				GCC_WARN_UNUSED_VARIABLE = YES;
				IPHONEOS_DEPLOYMENT_TARGET = 12.1;
				MTL_ENABLE_DEBUG_INFO = NO;
				MTL_FAST_MATH = YES;
				SDKROOT = iphoneos;
				SWIFT_COMPILATION_MODE = wholemodule;
				SWIFT_OPTIMIZATION_LEVEL = "-O";
				VALIDATE_PRODUCT = YES;
			};
			name = Release;
		};
		6507DCD82261DEA2007B46A4 /* Debug */ = {
			isa = XCBuildConfiguration;
			baseConfigurationReference = 5D6B311C45AAF5EA366946BE /* Pods-ocy-ios.debug.xcconfig */;
			buildSettings = {
				ASSETCATALOG_COMPILER_APPICON_NAME = AppIcon;
				CODE_SIGN_STYLE = Automatic;
				DEVELOPMENT_TEAM = LN73Q598ZB;
				INFOPLIST_FILE = "ocy-ios/Info.plist";
				LD_RUNPATH_SEARCH_PATHS = (
					"$(inherited)",
					"@executable_path/Frameworks",
				);
				PRODUCT_BUNDLE_IDENTIFIER = "ru.michil.ocy-ios";
				PRODUCT_NAME = "$(TARGET_NAME)";
				SWIFT_VERSION = 4.2;
				TARGETED_DEVICE_FAMILY = "1,2";
			};
			name = Debug;
		};
		6507DCD92261DEA2007B46A4 /* Release */ = {
			isa = XCBuildConfiguration;
			baseConfigurationReference = 2F01FB2451F917A71C64AD17 /* Pods-ocy-ios.release.xcconfig */;
			buildSettings = {
				ASSETCATALOG_COMPILER_APPICON_NAME = AppIcon;
				CODE_SIGN_STYLE = Automatic;
				DEVELOPMENT_TEAM = LN73Q598ZB;
				INFOPLIST_FILE = "ocy-ios/Info.plist";
				LD_RUNPATH_SEARCH_PATHS = (
					"$(inherited)",
					"@executable_path/Frameworks",
				);
				PRODUCT_BUNDLE_IDENTIFIER = "ru.michil.ocy-ios";
				PRODUCT_NAME = "$(TARGET_NAME)";
				SWIFT_VERSION = 4.2;
				TARGETED_DEVICE_FAMILY = "1,2";
			};
			name = Release;
		};
/* End XCBuildConfiguration section */

/* Begin XCConfigurationList section */
		6507DCBD2261DEA0007B46A4 /* Build configuration list for PBXProject "ocy-ios" */ = {
			isa = XCConfigurationList;
			buildConfigurations = (
				6507DCD52261DEA2007B46A4 /* Debug */,
				6507DCD62261DEA2007B46A4 /* Release */,
			);
			defaultConfigurationIsVisible = 0;
			defaultConfigurationName = Release;
		};
		6507DCD72261DEA2007B46A4 /* Build configuration list for PBXNativeTarget "ocy-ios" */ = {
			isa = XCConfigurationList;
			buildConfigurations = (
				6507DCD82261DEA2007B46A4 /* Debug */,
				6507DCD92261DEA2007B46A4 /* Release */,
			);
			defaultConfigurationIsVisible = 0;
			defaultConfigurationName = Release;
		};
/* End XCConfigurationList section */

/* Begin XCVersionGroup section */
		6507DCCC2261DEA0007B46A4 /* ocy_ios.xcdatamodeld */ = {
			isa = XCVersionGroup;
			children = (
				6507DCCD2261DEA0007B46A4 /* ocy_ios.xcdatamodel */,
			);
			currentVersion = 6507DCCD2261DEA0007B46A4 /* ocy_ios.xcdatamodel */;
			path = ocy_ios.xcdatamodeld;
			sourceTree = "<group>";
			versionGroupType = wrapper.xcdatamodel;
		};
/* End XCVersionGroup section */
	};
	rootObject = 6507DCBA2261DEA0007B46A4 /* Project object */;
}
